// !$*UTF8*$!
{
	archiveVersion = 1;
	classes = {
	};
	objectVersion = 46;
	objects = {

/* Begin PBXBuildFile section */
		64109C741D6CCC0300B0242E /* AppDelegate.swift in Sources */ = {isa = PBXBuildFile; fileRef = 64109C731D6CCC0300B0242E /* AppDelegate.swift */; };
		64109C761D6CCC0300B0242E /* ViewController.swift in Sources */ = {isa = PBXBuildFile; fileRef = 64109C751D6CCC0300B0242E /* ViewController.swift */; };
		64109C791D6CCC0300B0242E /* Main.storyboard in Resources */ = {isa = PBXBuildFile; fileRef = 64109C771D6CCC0300B0242E /* Main.storyboard */; };
		64109C7B1D6CCC0300B0242E /* Assets.xcassets in Resources */ = {isa = PBXBuildFile; fileRef = 64109C7A1D6CCC0300B0242E /* Assets.xcassets */; };
		64109C7E1D6CCC0300B0242E /* LaunchScreen.storyboard in Resources */ = {isa = PBXBuildFile; fileRef = 64109C7C1D6CCC0300B0242E /* LaunchScreen.storyboard */; };
		64109C901D6CD0D800B0242E /* DribbbleAPI.framework in Frameworks */ = {isa = PBXBuildFile; fileRef = 64109C8F1D6CD0D800B0242E /* DribbbleAPI.framework */; };
		64109C911D6CD0D800B0242E /* DribbbleAPI.framework in Embed Frameworks */ = {isa = PBXBuildFile; fileRef = 64109C8F1D6CD0D800B0242E /* DribbbleAPI.framework */; settings = {ATTRIBUTES = (CodeSignOnCopy, RemoveHeadersOnCopy, ); }; };
/* End PBXBuildFile section */

/* Begin PBXCopyFilesBuildPhase section */
		64109C8E1D6CD08A00B0242E /* Embed Frameworks */ = {
			isa = PBXCopyFilesBuildPhase;
			buildActionMask = 2147483647;
			dstPath = "";
			dstSubfolderSpec = 10;
			files = (
				64109C911D6CD0D800B0242E /* DribbbleAPI.framework in Embed Frameworks */,
			);
			name = "Embed Frameworks";
			runOnlyForDeploymentPostprocessing = 0;
		};
/* End PBXCopyFilesBuildPhase section */

/* Begin PBXFileReference section */
		64109C701D6CCC0300B0242E /* DribbbleAPI-Example.app */ = {isa = PBXFileReference; explicitFileType = wrapper.application; includeInIndex = 0; path = "DribbbleAPI-Example.app"; sourceTree = BUILT_PRODUCTS_DIR; };
		64109C731D6CCC0300B0242E /* AppDelegate.swift */ = {isa = PBXFileReference; lastKnownFileType = sourcecode.swift; path = AppDelegate.swift; sourceTree = "<group>"; };
		64109C751D6CCC0300B0242E /* ViewController.swift */ = {isa = PBXFileReference; lastKnownFileType = sourcecode.swift; path = ViewController.swift; sourceTree = "<group>"; };
		64109C781D6CCC0300B0242E /* Base */ = {isa = PBXFileReference; lastKnownFileType = file.storyboard; name = Base; path = Base.lproj/Main.storyboard; sourceTree = "<group>"; };
		64109C7A1D6CCC0300B0242E /* Assets.xcassets */ = {isa = PBXFileReference; lastKnownFileType = folder.assetcatalog; path = Assets.xcassets; sourceTree = "<group>"; };
		64109C7D1D6CCC0300B0242E /* Base */ = {isa = PBXFileReference; lastKnownFileType = file.storyboard; name = Base; path = Base.lproj/LaunchScreen.storyboard; sourceTree = "<group>"; };
		64109C7F1D6CCC0300B0242E /* Info.plist */ = {isa = PBXFileReference; lastKnownFileType = text.plist.xml; path = Info.plist; sourceTree = "<group>"; };
		64109C8F1D6CD0D800B0242E /* DribbbleAPI.framework */ = {isa = PBXFileReference; lastKnownFileType = wrapper.framework; name = DribbbleAPI.framework; path = ../build/DribbbleAPI.framework; sourceTree = "<group>"; };
		649A61E11D74A593003ADABE /* DribbbleAPI-Example.entitlements */ = {isa = PBXFileReference; lastKnownFileType = text.plist.entitlements; path = "DribbbleAPI-Example.entitlements"; sourceTree = "<group>"; };
/* End PBXFileReference section */

/* Begin PBXFrameworksBuildPhase section */
		64109C6D1D6CCC0300B0242E /* Frameworks */ = {
			isa = PBXFrameworksBuildPhase;
			buildActionMask = 2147483647;
			files = (
				64109C901D6CD0D800B0242E /* DribbbleAPI.framework in Frameworks */,
			);
			runOnlyForDeploymentPostprocessing = 0;
		};
/* End PBXFrameworksBuildPhase section */

/* Begin PBXGroup section */
		64109C671D6CCC0300B0242E = {
			isa = PBXGroup;
			children = (
				64109C8F1D6CD0D800B0242E /* DribbbleAPI.framework */,
				64109C721D6CCC0300B0242E /* DribbbleAPI-Example */,
				64109C711D6CCC0300B0242E /* Products */,
			);
			sourceTree = "<group>";
		};
		64109C711D6CCC0300B0242E /* Products */ = {
			isa = PBXGroup;
			children = (
				64109C701D6CCC0300B0242E /* DribbbleAPI-Example.app */,
			);
			name = Products;
			sourceTree = "<group>";
		};
		64109C721D6CCC0300B0242E /* DribbbleAPI-Example */ = {
			isa = PBXGroup;
			children = (
				649A61E11D74A593003ADABE /* DribbbleAPI-Example.entitlements */,
				64109C731D6CCC0300B0242E /* AppDelegate.swift */,
				64109C751D6CCC0300B0242E /* ViewController.swift */,
				64109C771D6CCC0300B0242E /* Main.storyboard */,
				64109C7A1D6CCC0300B0242E /* Assets.xcassets */,
				64109C7C1D6CCC0300B0242E /* LaunchScreen.storyboard */,
				64109C7F1D6CCC0300B0242E /* Info.plist */,
			);
			path = "DribbbleAPI-Example";
			sourceTree = "<group>";
		};
/* End PBXGroup section */

/* Begin PBXNativeTarget section */
		64109C6F1D6CCC0300B0242E /* DribbbleAPI-Example */ = {
			isa = PBXNativeTarget;
			buildConfigurationList = 64109C821D6CCC0300B0242E /* Build configuration list for PBXNativeTarget "DribbbleAPI-Example" */;
			buildPhases = (
				64109C6C1D6CCC0300B0242E /* Sources */,
				64109C6D1D6CCC0300B0242E /* Frameworks */,
				64109C6E1D6CCC0300B0242E /* Resources */,
				64109C8E1D6CD08A00B0242E /* Embed Frameworks */,
			);
			buildRules = (
			);
			dependencies = (
			);
			name = "DribbbleAPI-Example";
			productName = "DribbbleAPI-Example";
			productReference = 64109C701D6CCC0300B0242E /* DribbbleAPI-Example.app */;
			productType = "com.apple.product-type.application";
		};
/* End PBXNativeTarget section */

/* Begin PBXProject section */
		64109C681D6CCC0300B0242E /* Project object */ = {
			isa = PBXProject;
			attributes = {
				LastSwiftUpdateCheck = 0800;
				LastUpgradeCheck = 0900;
				ORGANIZATIONNAME = somedev;
				TargetAttributes = {
					64109C6F1D6CCC0300B0242E = {
						CreatedOnToolsVersion = 8.0;
						DevelopmentTeam = YX85UGB2WF;
						ProvisioningStyle = Automatic;
						SystemCapabilities = {
							com.apple.Keychain = {
								enabled = 1;
							};
						};
					};
				};
			};
			buildConfigurationList = 64109C6B1D6CCC0300B0242E /* Build configuration list for PBXProject "DribbbleAPI-Example" */;
			compatibilityVersion = "Xcode 3.2";
			developmentRegion = English;
			hasScannedForEncodings = 0;
			knownRegions = (
				en,
				Base,
			);
			mainGroup = 64109C671D6CCC0300B0242E;
			productRefGroup = 64109C711D6CCC0300B0242E /* Products */;
			projectDirPath = "";
			projectRoot = "";
			targets = (
				64109C6F1D6CCC0300B0242E /* DribbbleAPI-Example */,
			);
		};
/* End PBXProject section */

/* Begin PBXResourcesBuildPhase section */
		64109C6E1D6CCC0300B0242E /* Resources */ = {
			isa = PBXResourcesBuildPhase;
			buildActionMask = 2147483647;
			files = (
				64109C7E1D6CCC0300B0242E /* LaunchScreen.storyboard in Resources */,
				64109C7B1D6CCC0300B0242E /* Assets.xcassets in Resources */,
				64109C791D6CCC0300B0242E /* Main.storyboard in Resources */,
			);
			runOnlyForDeploymentPostprocessing = 0;
		};
/* End PBXResourcesBuildPhase section */

/* Begin PBXSourcesBuildPhase section */
		64109C6C1D6CCC0300B0242E /* Sources */ = {
			isa = PBXSourcesBuildPhase;
			buildActionMask = 2147483647;
			files = (
				64109C761D6CCC0300B0242E /* ViewController.swift in Sources */,
				64109C741D6CCC0300B0242E /* AppDelegate.swift in Sources */,
			);
			runOnlyForDeploymentPostprocessing = 0;
		};
/* End PBXSourcesBuildPhase section */

/* Begin PBXVariantGroup section */
		64109C771D6CCC0300B0242E /* Main.storyboard */ = {
			isa = PBXVariantGroup;
			children = (
				64109C781D6CCC0300B0242E /* Base */,
			);
			name = Main.storyboard;
			sourceTree = "<group>";
		};
		64109C7C1D6CCC0300B0242E /* LaunchScreen.storyboard */ = {
			isa = PBXVariantGroup;
			children = (
				64109C7D1D6CCC0300B0242E /* Base */,
			);
			name = LaunchScreen.storyboard;
			sourceTree = "<group>";
		};
/* End PBXVariantGroup section */

/* Begin XCBuildConfiguration section */
		64109C801D6CCC0300B0242E /* Debug */ = {
			isa = XCBuildConfiguration;
			buildSettings = {
				ALWAYS_SEARCH_USER_PATHS = NO;
				CLANG_ANALYZER_NONNULL = YES;
				CLANG_CXX_LANGUAGE_STANDARD = "gnu++0x";
				CLANG_CXX_LIBRARY = "libc++";
				CLANG_ENABLE_MODULES = YES;
				CLANG_ENABLE_OBJC_ARC = YES;
				CLANG_WARN_BLOCK_CAPTURE_AUTORELEASING = YES;
				CLANG_WARN_BOOL_CONVERSION = YES;
				CLANG_WARN_COMMA = YES;
				CLANG_WARN_CONSTANT_CONVERSION = YES;
				CLANG_WARN_DIRECT_OBJC_ISA_USAGE = YES_ERROR;
				CLANG_WARN_DOCUMENTATION_COMMENTS = YES;
				CLANG_WARN_EMPTY_BODY = YES;
				CLANG_WARN_ENUM_CONVERSION = YES;
				CLANG_WARN_INFINITE_RECURSION = YES;
				CLANG_WARN_INT_CONVERSION = YES;
				CLANG_WARN_NON_LITERAL_NULL_CONVERSION = YES;
				CLANG_WARN_OBJC_LITERAL_CONVERSION = YES;
				CLANG_WARN_OBJC_ROOT_CLASS = YES_ERROR;
				CLANG_WARN_RANGE_LOOP_ANALYSIS = YES;
				CLANG_WARN_STRICT_PROTOTYPES = YES;
				CLANG_WARN_SUSPICIOUS_MOVE = YES;
				CLANG_WARN_SUSPICIOUS_MOVES = YES;
				CLANG_WARN_UNREACHABLE_CODE = YES;
				CLANG_WARN__DUPLICATE_METHOD_MATCH = YES;
				"CODE_SIGN_IDENTITY[sdk=iphoneos*]" = "iPhone Developer";
				COPY_PHASE_STRIP = NO;
				DEBUG_INFORMATION_FORMAT = dwarf;
				ENABLE_STRICT_OBJC_MSGSEND = YES;
				ENABLE_TESTABILITY = YES;
				GCC_C_LANGUAGE_STANDARD = gnu99;
				GCC_DYNAMIC_NO_PIC = NO;
				GCC_NO_COMMON_BLOCKS = YES;
				GCC_OPTIMIZATION_LEVEL = 0;
				GCC_PREPROCESSOR_DEFINITIONS = (
					"DEBUG=1",
					"$(inherited)",
				);
				GCC_WARN_64_TO_32_BIT_CONVERSION = YES;
				GCC_WARN_ABOUT_RETURN_TYPE = YES_ERROR;
				GCC_WARN_UNDECLARED_SELECTOR = YES;
				GCC_WARN_UNINITIALIZED_AUTOS = YES_AGGRESSIVE;
				GCC_WARN_UNUSED_FUNCTION = YES;
				GCC_WARN_UNUSED_VARIABLE = YES;
				IPHONEOS_DEPLOYMENT_TARGET = 9.0;
				MTL_ENABLE_DEBUG_INFO = YES;
				ONLY_ACTIVE_ARCH = YES;
				SDKROOT = iphoneos;
				SWIFT_ACTIVE_COMPILATION_CONDITIONS = DEBUG;
				SWIFT_OPTIMIZATION_LEVEL = "-Onone";
			};
			name = Debug;
		};
		64109C811D6CCC0300B0242E /* Release */ = {
			isa = XCBuildConfiguration;
			buildSettings = {
				ALWAYS_SEARCH_USER_PATHS = NO;
				CLANG_ANALYZER_NONNULL = YES;
				CLANG_CXX_LANGUAGE_STANDARD = "gnu++0x";
				CLANG_CXX_LIBRARY = "libc++";
				CLANG_ENABLE_MODULES = YES;
				CLANG_ENABLE_OBJC_ARC = YES;
				CLANG_WARN_BLOCK_CAPTURE_AUTORELEASING = YES;
				CLANG_WARN_BOOL_CONVERSION = YES;
				CLANG_WARN_COMMA = YES;
				CLANG_WARN_CONSTANT_CONVERSION = YES;
				CLANG_WARN_DIRECT_OBJC_ISA_USAGE = YES_ERROR;
				CLANG_WARN_DOCUMENTATION_COMMENTS = YES;
				CLANG_WARN_EMPTY_BODY = YES;
				CLANG_WARN_ENUM_CONVERSION = YES;
				CLANG_WARN_INFINITE_RECURSION = YES;
				CLANG_WARN_INT_CONVERSION = YES;
				CLANG_WARN_NON_LITERAL_NULL_CONVERSION = YES;
				CLANG_WARN_OBJC_LITERAL_CONVERSION = YES;
				CLANG_WARN_OBJC_ROOT_CLASS = YES_ERROR;
				CLANG_WARN_RANGE_LOOP_ANALYSIS = YES;
				CLANG_WARN_STRICT_PROTOTYPES = YES;
				CLANG_WARN_SUSPICIOUS_MOVE = YES;
				CLANG_WARN_SUSPICIOUS_MOVES = YES;
				CLANG_WARN_UNREACHABLE_CODE = YES;
				CLANG_WARN__DUPLICATE_METHOD_MATCH = YES;
				"CODE_SIGN_IDENTITY[sdk=iphoneos*]" = "iPhone Developer";
				COPY_PHASE_STRIP = NO;
				DEBUG_INFORMATION_FORMAT = "dwarf-with-dsym";
				ENABLE_NS_ASSERTIONS = NO;
				ENABLE_STRICT_OBJC_MSGSEND = YES;
				GCC_C_LANGUAGE_STANDARD = gnu99;
				GCC_NO_COMMON_BLOCKS = YES;
				GCC_WARN_64_TO_32_BIT_CONVERSION = YES;
				GCC_WARN_ABOUT_RETURN_TYPE = YES_ERROR;
				GCC_WARN_UNDECLARED_SELECTOR = YES;
				GCC_WARN_UNINITIALIZED_AUTOS = YES_AGGRESSIVE;
				GCC_WARN_UNUSED_FUNCTION = YES;
				GCC_WARN_UNUSED_VARIABLE = YES;
				IPHONEOS_DEPLOYMENT_TARGET = 9.0;
				MTL_ENABLE_DEBUG_INFO = NO;
				SDKROOT = iphoneos;
				SWIFT_OPTIMIZATION_LEVEL = "-Owholemodule";
				VALIDATE_PRODUCT = YES;
			};
			name = Release;
		};
		64109C831D6CCC0300B0242E /* Debug */ = {
			isa = XCBuildConfiguration;
			buildSettings = {
				ASSETCATALOG_COMPILER_APPICON_NAME = AppIcon;
				CODE_SIGN_ENTITLEMENTS = "DribbbleAPI-Example/DribbbleAPI-Example.entitlements";
				DEVELOPMENT_TEAM = YX85UGB2WF;
				FRAMEWORK_SEARCH_PATHS = (
					"$(inherited)",
					"$(PROJECT_DIR)",
				);
				INFOPLIST_FILE = "DribbbleAPI-Example/Info.plist";
				IPHONEOS_DEPLOYMENT_TARGET = 9.0;
				LD_RUNPATH_SEARCH_PATHS = "$(inherited) @executable_path/Frameworks";
				PRODUCT_BUNDLE_IDENTIFIER = "com.somedev.DribbbleAPI-Example";
				PRODUCT_NAME = "$(TARGET_NAME)";
				SWIFT_VERSION = 4.0;
			};
			name = Debug;
		};
		64109C841D6CCC0300B0242E /* Release */ = {
			isa = XCBuildConfiguration;
			buildSettings = {
				ASSETCATALOG_COMPILER_APPICON_NAME = AppIcon;
				CODE_SIGN_ENTITLEMENTS = "DribbbleAPI-Example/DribbbleAPI-Example.entitlements";
				DEVELOPMENT_TEAM = YX85UGB2WF;
				FRAMEWORK_SEARCH_PATHS = (
					"$(inherited)",
					"$(PROJECT_DIR)",
				);
				INFOPLIST_FILE = "DribbbleAPI-Example/Info.plist";
				IPHONEOS_DEPLOYMENT_TARGET = 9.0;
				LD_RUNPATH_SEARCH_PATHS = "$(inherited) @executable_path/Frameworks";
				PRODUCT_BUNDLE_IDENTIFIER = "com.somedev.DribbbleAPI-Example";
				PRODUCT_NAME = "$(TARGET_NAME)";
				SWIFT_VERSION = 4.0;
			};
			name = Release;
		};
/* End XCBuildConfiguration section */

/* Begin XCConfigurationList section */
		64109C6B1D6CCC0300B0242E /* Build configuration list for PBXProject "DribbbleAPI-Example" */ = {
			isa = XCConfigurationList;
			buildConfigurations = (
				64109C801D6CCC0300B0242E /* Debug */,
				64109C811D6CCC0300B0242E /* Release */,
			);
			defaultConfigurationIsVisible = 0;
			defaultConfigurationName = Release;
		};
		64109C821D6CCC0300B0242E /* Build configuration list for PBXNativeTarget "DribbbleAPI-Example" */ = {
			isa = XCConfigurationList;
			buildConfigurations = (
				64109C831D6CCC0300B0242E /* Debug */,
				64109C841D6CCC0300B0242E /* Release */,
			);
			defaultConfigurationIsVisible = 0;
			defaultConfigurationName = Release;
		};
/* End XCConfigurationList section */
	};
	rootObject = 64109C681D6CCC0300B0242E /* Project object */;
}
